
Microsoft Visual Studio Solution File, Format Version 12.00
# Visual Studio Version 17
VisualStudioVersion = 17.8.34330.188
MinimumVisualStudioVersion = 10.0.40219.1
Project("{9A19103F-16F7-4668-BE54-9A1E7A4F7556}") = "TruckManagerSoftware", "TruckManagerSoftware\TruckManagerSoftware.csproj", "{27F90488-0E50-4172-8128-505194A604CD}"
EndProject
Project("{9A19103F-16F7-4668-BE54-9A1E7A4F7556}") = "TruckManagerSoftware.Infrastructure", "TruckManagerSoftware.Infrastructure\TruckManagerSoftware.Infrastructure.csproj", "{13F672F3-1A05-4AB7-A855-0E34C1CEDAFA}"
EndProject
Project("{9A19103F-16F7-4668-BE54-9A1E7A4F7556}") = "TruckManagerSoftware.Common", "TruckManagerSoftware.Common\TruckManagerSoftware.Common.csproj", "{439FBA26-7349-4BD4-B551-99F68B047EAB}"
EndProject
Global
	GlobalSection(SolutionConfigurationPlatforms) = preSolution
		Debug|Any CPU = Debug|Any CPU
		Release|Any CPU = Release|Any CPU
	EndGlobalSection
	GlobalSection(ProjectConfigurationPlatforms) = postSolution
		{27F90488-0E50-4172-8128-505194A604CD}.Debug|Any CPU.ActiveCfg = Debug|Any CPU
		{27F90488-0E50-4172-8128-505194A604CD}.Debug|Any CPU.Build.0 = Debug|Any CPU
		{27F90488-0E50-4172-8128-505194A604CD}.Release|Any CPU.ActiveCfg = Release|Any CPU
		{27F90488-0E50-4172-8128-505194A604CD}.Release|Any CPU.Build.0 = Release|Any CPU
		{13F672F3-1A05-4AB7-A855-0E34C1CEDAFA}.Debug|Any CPU.ActiveCfg = Debug|Any CPU
		{13F672F3-1A05-4AB7-A855-0E34C1CEDAFA}.Debug|Any CPU.Build.0 = Debug|Any CPU
		{13F672F3-1A05-4AB7-A855-0E34C1CEDAFA}.Release|Any CPU.ActiveCfg = Release|Any CPU
		{13F672F3-1A05-4AB7-A855-0E34C1CEDAFA}.Release|Any CPU.Build.0 = Release|Any CPU
		{439FBA26-7349-4BD4-B551-99F68B047EAB}.Debug|Any CPU.ActiveCfg = Debug|Any CPU
		{439FBA26-7349-4BD4-B551-99F68B047EAB}.Debug|Any CPU.Build.0 = Debug|Any CPU
		{439FBA26-7349-4BD4-B551-99F68B047EAB}.Release|Any CPU.ActiveCfg = Release|Any CPU
		{439FBA26-7349-4BD4-B551-99F68B047EAB}.Release|Any CPU.Build.0 = Release|Any CPU
	EndGlobalSection
	GlobalSection(SolutionProperties) = preSolution
		HideSolutionNode = FALSE
	EndGlobalSection
	GlobalSection(ExtensibilityGlobals) = postSolution
		SolutionGuid = {6BC0C107-83CB-4DA1-97C3-5BF1354B20A1}
	EndGlobalSection
EndGlobal
